
Microsoft Visual Studio Solution File, Format Version 12.00
# Visual Studio Version 16
VisualStudioVersion = 25.0.1700.5
MinimumVisualStudioVersion = 10.0.40219.1
Project("{FAE04EC0-301F-11D3-BF4B-00C04F79EFBC}") = "FirstProjects", "FirstProjects\FirstProjects.csproj", "{F21A085D-D281-483A-8C85-B0C3CC4B5684}"
EndProject
Global
	GlobalSection(SolutionConfigurationPlatforms) = preSolution
		Debug|Any CPU = Debug|Any CPU
		Release|Any CPU = Release|Any CPU
	EndGlobalSection
	GlobalSection(ProjectConfigurationPlatforms) = postSolution
		{F21A085D-D281-483A-8C85-B0C3CC4B5684}.Debug|Any CPU.ActiveCfg = Debug|Any CPU
		{F21A085D-D281-483A-8C85-B0C3CC4B5684}.Debug|Any CPU.Build.0 = Debug|Any CPU
		{F21A085D-D281-483A-8C85-B0C3CC4B5684}.Release|Any CPU.ActiveCfg = Release|Any CPU
		{F21A085D-D281-483A-8C85-B0C3CC4B5684}.Release|Any CPU.Build.0 = Release|Any CPU
	EndGlobalSection
	GlobalSection(SolutionProperties) = preSolution
		HideSolutionNode = FALSE
	EndGlobalSection
	GlobalSection(ExtensibilityGlobals) = postSolution
		SolutionGuid = {51ABF9AF-2C12-440B-A2AE-37E50D6FC259}
	EndGlobalSection
EndGlobal
